
Microsoft Visual Studio Solution File, Format Version 12.00
# Visual Studio Version 17
VisualStudioVersion = 17.13.35919.96
MinimumVisualStudioVersion = 10.0.40219.1
Project("{2150E333-8FDC-42A3-9474-1A3956D46DE8}") = "src", "src", "{827E0CD3-B72D-47B6-A68D-7590B98EB39B}"
EndProject
Project("{FAE04EC0-301F-11D3-BF4B-00C04F79EFBC}") = "ExchangeRateOffers.Api", "src\ExchangeRateOffers.Api\ExchangeRateOffers.Api.csproj", "{19B2C75D-A439-4218-9C7B-1237012ADB79}"
EndProject
Project("{2150E333-8FDC-42A3-9474-1A3956D46DE8}") = "tests", "tests", "{0AB3BF05-4346-4AA6-1389-037BE0695223}"
EndProject
Project("{FAE04EC0-301F-11D3-BF4B-00C04F79EFBC}") = "ExchangeRateOffers.Tests", "tests\ExchangeRateOffers.Tests\ExchangeRateOffers.Tests.csproj", "{56CC265E-A15F-45F4-967A-82E17CFE96DD}"
EndProject
Project("{FAE04EC0-301F-11D3-BF4B-00C04F79EFBC}") = "ExchangeRateOffers.API1", "src\ExchangeRateOffers.API1\ExchangeRateOffers.API1.csproj", "{848618F2-4458-4FDD-A534-41B306B81043}"
EndProject
Project("{FAE04EC0-301F-11D3-BF4B-00C04F79EFBC}") = "ExchangeRateOffers.API2", "src\ExchangeRateOffers.API2\ExchangeRateOffers.API2.csproj", "{6163628A-4707-4EBC-9E10-047E4F4CBDFC}"
EndProject
Project("{FAE04EC0-301F-11D3-BF4B-00C04F79EFBC}") = "ExchangeRateOffers.API3", "src\ExchangeRateOffers.API3\ExchangeRateOffers.API3.csproj", "{FE265F1A-2338-4952-81EF-98CC7F8B3599}"
EndProject
Global
	GlobalSection(SolutionConfigurationPlatforms) = preSolution
		Debug|Any CPU = Debug|Any CPU
		Debug|x64 = Debug|x64
		Debug|x86 = Debug|x86
		Release|Any CPU = Release|Any CPU
		Release|x64 = Release|x64
		Release|x86 = Release|x86
	EndGlobalSection
	GlobalSection(ProjectConfigurationPlatforms) = postSolution
		{19B2C75D-A439-4218-9C7B-1237012ADB79}.Debug|Any CPU.ActiveCfg = Debug|Any CPU
		{19B2C75D-A439-4218-9C7B-1237012ADB79}.Debug|Any CPU.Build.0 = Debug|Any CPU
		{19B2C75D-A439-4218-9C7B-1237012ADB79}.Debug|x64.ActiveCfg = Debug|Any CPU
		{19B2C75D-A439-4218-9C7B-1237012ADB79}.Debug|x64.Build.0 = Debug|Any CPU
		{19B2C75D-A439-4218-9C7B-1237012ADB79}.Debug|x86.ActiveCfg = Debug|Any CPU
		{19B2C75D-A439-4218-9C7B-1237012ADB79}.Debug|x86.Build.0 = Debug|Any CPU
		{19B2C75D-A439-4218-9C7B-1237012ADB79}.Release|Any CPU.ActiveCfg = Release|Any CPU
		{19B2C75D-A439-4218-9C7B-1237012ADB79}.Release|Any CPU.Build.0 = Release|Any CPU
		{19B2C75D-A439-4218-9C7B-1237012ADB79}.Release|x64.ActiveCfg = Release|Any CPU
		{19B2C75D-A439-4218-9C7B-1237012ADB79}.Release|x64.Build.0 = Release|Any CPU
		{19B2C75D-A439-4218-9C7B-1237012ADB79}.Release|x86.ActiveCfg = Release|Any CPU
		{19B2C75D-A439-4218-9C7B-1237012ADB79}.Release|x86.Build.0 = Release|Any CPU
		{56CC265E-A15F-45F4-967A-82E17CFE96DD}.Debug|Any CPU.ActiveCfg = Debug|Any CPU
		{56CC265E-A15F-45F4-967A-82E17CFE96DD}.Debug|Any CPU.Build.0 = Debug|Any CPU
		{56CC265E-A15F-45F4-967A-82E17CFE96DD}.Debug|x64.ActiveCfg = Debug|Any CPU
		{56CC265E-A15F-45F4-967A-82E17CFE96DD}.Debug|x64.Build.0 = Debug|Any CPU
		{56CC265E-A15F-45F4-967A-82E17CFE96DD}.Debug|x86.ActiveCfg = Debug|Any CPU
		{56CC265E-A15F-45F4-967A-82E17CFE96DD}.Debug|x86.Build.0 = Debug|Any CPU
		{56CC265E-A15F-45F4-967A-82E17CFE96DD}.Release|Any CPU.ActiveCfg = Release|Any CPU
		{56CC265E-A15F-45F4-967A-82E17CFE96DD}.Release|Any CPU.Build.0 = Release|Any CPU
		{56CC265E-A15F-45F4-967A-82E17CFE96DD}.Release|x64.ActiveCfg = Release|Any CPU
		{56CC265E-A15F-45F4-967A-82E17CFE96DD}.Release|x64.Build.0 = Release|Any CPU
		{56CC265E-A15F-45F4-967A-82E17CFE96DD}.Release|x86.ActiveCfg = Release|Any CPU
		{56CC265E-A15F-45F4-967A-82E17CFE96DD}.Release|x86.Build.0 = Release|Any CPU
		{848618F2-4458-4FDD-A534-41B306B81043}.Debug|Any CPU.ActiveCfg = Debug|Any CPU
		{848618F2-4458-4FDD-A534-41B306B81043}.Debug|Any CPU.Build.0 = Debug|Any CPU
		{848618F2-4458-4FDD-A534-41B306B81043}.Debug|x64.ActiveCfg = Debug|Any CPU
		{848618F2-4458-4FDD-A534-41B306B81043}.Debug|x64.Build.0 = Debug|Any CPU
		{848618F2-4458-4FDD-A534-41B306B81043}.Debug|x86.ActiveCfg = Debug|Any CPU
		{848618F2-4458-4FDD-A534-41B306B81043}.Debug|x86.Build.0 = Debug|Any CPU
		{848618F2-4458-4FDD-A534-41B306B81043}.Release|Any CPU.ActiveCfg = Release|Any CPU
		{848618F2-4458-4FDD-A534-41B306B81043}.Release|Any CPU.Build.0 = Release|Any CPU
		{848618F2-4458-4FDD-A534-41B306B81043}.Release|x64.ActiveCfg = Release|Any CPU
		{848618F2-4458-4FDD-A534-41B306B81043}.Release|x64.Build.0 = Release|Any CPU
		{848618F2-4458-4FDD-A534-41B306B81043}.Release|x86.ActiveCfg = Release|Any CPU
		{848618F2-4458-4FDD-A534-41B306B81043}.Release|x86.Build.0 = Release|Any CPU
		{6163628A-4707-4EBC-9E10-047E4F4CBDFC}.Debug|Any CPU.ActiveCfg = Debug|Any CPU
		{6163628A-4707-4EBC-9E10-047E4F4CBDFC}.Debug|Any CPU.Build.0 = Debug|Any CPU
		{6163628A-4707-4EBC-9E10-047E4F4CBDFC}.Debug|x64.ActiveCfg = Debug|Any CPU
		{6163628A-4707-4EBC-9E10-047E4F4CBDFC}.Debug|x64.Build.0 = Debug|Any CPU
		{6163628A-4707-4EBC-9E10-047E4F4CBDFC}.Debug|x86.ActiveCfg = Debug|Any CPU
		{6163628A-4707-4EBC-9E10-047E4F4CBDFC}.Debug|x86.Build.0 = Debug|Any CPU
		{6163628A-4707-4EBC-9E10-047E4F4CBDFC}.Release|Any CPU.ActiveCfg = Release|Any CPU
		{6163628A-4707-4EBC-9E10-047E4F4CBDFC}.Release|Any CPU.Build.0 = Release|Any CPU
		{6163628A-4707-4EBC-9E10-047E4F4CBDFC}.Release|x64.ActiveCfg = Release|Any CPU
		{6163628A-4707-4EBC-9E10-047E4F4CBDFC}.Release|x64.Build.0 = Release|Any CPU
		{6163628A-4707-4EBC-9E10-047E4F4CBDFC}.Release|x86.ActiveCfg = Release|Any CPU
		{6163628A-4707-4EBC-9E10-047E4F4CBDFC}.Release|x86.Build.0 = Release|Any CPU
		{FE265F1A-2338-4952-81EF-98CC7F8B3599}.Debug|Any CPU.ActiveCfg = Debug|Any CPU
		{FE265F1A-2338-4952-81EF-98CC7F8B3599}.Debug|Any CPU.Build.0 = Debug|Any CPU
		{FE265F1A-2338-4952-81EF-98CC7F8B3599}.Debug|x64.ActiveCfg = Debug|Any CPU
		{FE265F1A-2338-4952-81EF-98CC7F8B3599}.Debug|x64.Build.0 = Debug|Any CPU
		{FE265F1A-2338-4952-81EF-98CC7F8B3599}.Debug|x86.ActiveCfg = Debug|Any CPU
		{FE265F1A-2338-4952-81EF-98CC7F8B3599}.Debug|x86.Build.0 = Debug|Any CPU
		{FE265F1A-2338-4952-81EF-98CC7F8B3599}.Release|Any CPU.ActiveCfg = Release|Any CPU
		{FE265F1A-2338-4952-81EF-98CC7F8B3599}.Release|Any CPU.Build.0 = Release|Any CPU
		{FE265F1A-2338-4952-81EF-98CC7F8B3599}.Release|x64.ActiveCfg = Release|Any CPU
		{FE265F1A-2338-4952-81EF-98CC7F8B3599}.Release|x64.Build.0 = Release|Any CPU
		{FE265F1A-2338-4952-81EF-98CC7F8B3599}.Release|x86.ActiveCfg = Release|Any CPU
		{FE265F1A-2338-4952-81EF-98CC7F8B3599}.Release|x86.Build.0 = Release|Any CPU
	EndGlobalSection
	GlobalSection(SolutionProperties) = preSolution
		HideSolutionNode = FALSE
	EndGlobalSection
	GlobalSection(NestedProjects) = preSolution
		{19B2C75D-A439-4218-9C7B-1237012ADB79} = {827E0CD3-B72D-47B6-A68D-7590B98EB39B}
		{56CC265E-A15F-45F4-967A-82E17CFE96DD} = {0AB3BF05-4346-4AA6-1389-037BE0695223}
		{848618F2-4458-4FDD-A534-41B306B81043} = {827E0CD3-B72D-47B6-A68D-7590B98EB39B}
		{6163628A-4707-4EBC-9E10-047E4F4CBDFC} = {827E0CD3-B72D-47B6-A68D-7590B98EB39B}
		{FE265F1A-2338-4952-81EF-98CC7F8B3599} = {827E0CD3-B72D-47B6-A68D-7590B98EB39B}
	EndGlobalSection
	GlobalSection(ExtensibilityGlobals) = postSolution
		SolutionGuid = {029D897B-B1B8-4E8C-9DF6-64102D000927}
	EndGlobalSection
EndGlobal
